
Microsoft Visual Studio Solution File, Format Version 12.00
# Visual Studio 2012
Project("{FAE04EC0-301F-11D3-BF4B-00C04F79EFBC}") = "DotNetTee", "DotNetTee\DotNetTee.csproj", "{7BD7F94A-F0EE-4B89-A034-1E90DCAB444D}"
EndProject
Global
	GlobalSection(SolutionConfigurationPlatforms) = preSolution
		Debug|x86 = Debug|x86
		Release|x86 = Release|x86
	EndGlobalSection
	GlobalSection(ProjectConfigurationPlatforms) = postSolution
		{7BD7F94A-F0EE-4B89-A034-1E90DCAB444D}.Debug|x86.ActiveCfg = Debug|x86
		{7BD7F94A-F0EE-4B89-A034-1E90DCAB444D}.Debug|x86.Build.0 = Debug|x86
		{7BD7F94A-F0EE-4B89-A034-1E90DCAB444D}.Release|x86.ActiveCfg = Release|x86
		{7BD7F94A-F0EE-4B89-A034-1E90DCAB444D}.Release|x86.Build.0 = Release|x86
	EndGlobalSection
EndGlobal
